
Microsoft Visual Studio Solution File, Format Version 12.00
# Visual Studio Version 17
VisualStudioVersion = 17.2.32630.192
MinimumVisualStudioVersion = 10.0.40219.1
Project("{9A19103F-16F7-4668-BE54-9A1E7A4F7556}") = "Repositorios.API", "Repositorios.API\Repositorios.API.csproj", "{511806AF-20EA-4D23-BF62-E0FFCAB44686}"
EndProject
Project("{9A19103F-16F7-4668-BE54-9A1E7A4F7556}") = "Repositorios.Dominio", "Repositorios.Dominio\Repositorios.Dominio.csproj", "{EB3EEC9B-73A3-4633-90F4-4FBFBED6C6B5}"
EndProject
Project("{9A19103F-16F7-4668-BE54-9A1E7A4F7556}") = "Repositorios.Servicos", "Repositorios.Servicos\Repositorios.Servicos.csproj", "{D52B77A5-F339-4A32-BD65-4AB1674F5F2E}"
EndProject
Project("{9A19103F-16F7-4668-BE54-9A1E7A4F7556}") = "Repositorios.Persistencia", "Repositorios.Persistencia\Repositorios.Persistencia.csproj", "{EF1A6DDB-2804-4670-94D0-C65CE144CDBB}"
EndProject
Project("{9A19103F-16F7-4668-BE54-9A1E7A4F7556}") = "Repositorios.Testes", "Repositorios.Testes\Repositorios.Testes.csproj", "{25B642EA-FFE0-4F7A-9B97-E61A1F3543FA}"
EndProject
Project("{FAE04EC0-301F-11D3-BF4B-00C04F79EFBC}") = "Repositorios.APP", "Repositorios.APP\Repositorios.APP.csproj", "{1A595815-9353-4E16-A9B8-9FEDD253E83E}"
EndProject
Global
	GlobalSection(SolutionConfigurationPlatforms) = preSolution
		Debug|Any CPU = Debug|Any CPU
		Release|Any CPU = Release|Any CPU
	EndGlobalSection
	GlobalSection(ProjectConfigurationPlatforms) = postSolution
		{511806AF-20EA-4D23-BF62-E0FFCAB44686}.Debug|Any CPU.ActiveCfg = Debug|Any CPU
		{511806AF-20EA-4D23-BF62-E0FFCAB44686}.Debug|Any CPU.Build.0 = Debug|Any CPU
		{511806AF-20EA-4D23-BF62-E0FFCAB44686}.Release|Any CPU.ActiveCfg = Release|Any CPU
		{511806AF-20EA-4D23-BF62-E0FFCAB44686}.Release|Any CPU.Build.0 = Release|Any CPU
		{EB3EEC9B-73A3-4633-90F4-4FBFBED6C6B5}.Debug|Any CPU.ActiveCfg = Debug|Any CPU
		{EB3EEC9B-73A3-4633-90F4-4FBFBED6C6B5}.Debug|Any CPU.Build.0 = Debug|Any CPU
		{EB3EEC9B-73A3-4633-90F4-4FBFBED6C6B5}.Release|Any CPU.ActiveCfg = Release|Any CPU
		{EB3EEC9B-73A3-4633-90F4-4FBFBED6C6B5}.Release|Any CPU.Build.0 = Release|Any CPU
		{D52B77A5-F339-4A32-BD65-4AB1674F5F2E}.Debug|Any CPU.ActiveCfg = Debug|Any CPU
		{D52B77A5-F339-4A32-BD65-4AB1674F5F2E}.Debug|Any CPU.Build.0 = Debug|Any CPU
		{D52B77A5-F339-4A32-BD65-4AB1674F5F2E}.Release|Any CPU.ActiveCfg = Release|Any CPU
		{D52B77A5-F339-4A32-BD65-4AB1674F5F2E}.Release|Any CPU.Build.0 = Release|Any CPU
		{EF1A6DDB-2804-4670-94D0-C65CE144CDBB}.Debug|Any CPU.ActiveCfg = Debug|Any CPU
		{EF1A6DDB-2804-4670-94D0-C65CE144CDBB}.Debug|Any CPU.Build.0 = Debug|Any CPU
		{EF1A6DDB-2804-4670-94D0-C65CE144CDBB}.Release|Any CPU.ActiveCfg = Release|Any CPU
		{EF1A6DDB-2804-4670-94D0-C65CE144CDBB}.Release|Any CPU.Build.0 = Release|Any CPU
		{25B642EA-FFE0-4F7A-9B97-E61A1F3543FA}.Debug|Any CPU.ActiveCfg = Debug|Any CPU
		{25B642EA-FFE0-4F7A-9B97-E61A1F3543FA}.Debug|Any CPU.Build.0 = Debug|Any CPU
		{25B642EA-FFE0-4F7A-9B97-E61A1F3543FA}.Release|Any CPU.ActiveCfg = Release|Any CPU
		{25B642EA-FFE0-4F7A-9B97-E61A1F3543FA}.Release|Any CPU.Build.0 = Release|Any CPU
		{1A595815-9353-4E16-A9B8-9FEDD253E83E}.Debug|Any CPU.ActiveCfg = Debug|Any CPU
		{1A595815-9353-4E16-A9B8-9FEDD253E83E}.Debug|Any CPU.Build.0 = Debug|Any CPU
		{1A595815-9353-4E16-A9B8-9FEDD253E83E}.Release|Any CPU.ActiveCfg = Release|Any CPU
		{1A595815-9353-4E16-A9B8-9FEDD253E83E}.Release|Any CPU.Build.0 = Release|Any CPU
	EndGlobalSection
	GlobalSection(SolutionProperties) = preSolution
		HideSolutionNode = FALSE
	EndGlobalSection
	GlobalSection(ExtensibilityGlobals) = postSolution
		SolutionGuid = {18DBB36D-A6B7-44A6-9A6E-645D35BACF6A}
	EndGlobalSection
EndGlobal
